
Microsoft Visual Studio Solution File, Format Version 12.00
# Visual Studio Version 17
VisualStudioVersion = 17.7.34031.279
MinimumVisualStudioVersion = 10.0.40219.1
Project("{FAE04EC0-301F-11D3-BF4B-00C04F79EFBC}") = "DesignPatternsFantasyRPG", "DesignPatternsFantasyRPG\DesignPatternsFantasyRPG.csproj", "{BEFE78D9-DBF2-454D-98A6-A87946ECF79C}"
EndProject
Global
	GlobalSection(SolutionConfigurationPlatforms) = preSolution
		Debug|Any CPU = Debug|Any CPU
		Release|Any CPU = Release|Any CPU
	EndGlobalSection
	GlobalSection(ProjectConfigurationPlatforms) = postSolution
		{BEFE78D9-DBF2-454D-98A6-A87946ECF79C}.Debug|Any CPU.ActiveCfg = Debug|Any CPU
		{BEFE78D9-DBF2-454D-98A6-A87946ECF79C}.Debug|Any CPU.Build.0 = Debug|Any CPU
		{BEFE78D9-DBF2-454D-98A6-A87946ECF79C}.Release|Any CPU.ActiveCfg = Release|Any CPU
		{BEFE78D9-DBF2-454D-98A6-A87946ECF79C}.Release|Any CPU.Build.0 = Release|Any CPU
	EndGlobalSection
	GlobalSection(SolutionProperties) = preSolution
		HideSolutionNode = FALSE
	EndGlobalSection
	GlobalSection(ExtensibilityGlobals) = postSolution
		SolutionGuid = {C08EF730-8840-47F1-8FFF-1E405AEE869D}
	EndGlobalSection
EndGlobal
